
Microsoft Visual Studio Solution File, Format Version 12.00
# Visual Studio Version 16
VisualStudioVersion = 16.0.31515.178
MinimumVisualStudioVersion = 10.0.40219.1
Project("{FAE04EC0-301F-11D3-BF4B-00C04F79EFBC}") = "Homework5", "Homework5\Homework5.csproj", "{C60430C0-B954-4821-B687-BF23D15AB326}"
EndProject
Global
	GlobalSection(SolutionConfigurationPlatforms) = preSolution
		Debug|Any CPU = Debug|Any CPU
		Release|Any CPU = Release|Any CPU
	EndGlobalSection
	GlobalSection(ProjectConfigurationPlatforms) = postSolution
		{C60430C0-B954-4821-B687-BF23D15AB326}.Debug|Any CPU.ActiveCfg = Debug|Any CPU
		{C60430C0-B954-4821-B687-BF23D15AB326}.Debug|Any CPU.Build.0 = Debug|Any CPU
		{C60430C0-B954-4821-B687-BF23D15AB326}.Release|Any CPU.ActiveCfg = Release|Any CPU
		{C60430C0-B954-4821-B687-BF23D15AB326}.Release|Any CPU.Build.0 = Release|Any CPU
	EndGlobalSection
	GlobalSection(SolutionProperties) = preSolution
		HideSolutionNode = FALSE
	EndGlobalSection
	GlobalSection(ExtensibilityGlobals) = postSolution
		SolutionGuid = {C6D1082A-AFCA-4037-85D6-FBC5F57673C3}
	EndGlobalSection
EndGlobal
