
Microsoft Visual Studio Solution File, Format Version 12.00
# Visual Studio Version 16
VisualStudioVersion = 16.0.31515.178
MinimumVisualStudioVersion = 10.0.40219.1
Project("{FAE04EC0-301F-11D3-BF4B-00C04F79EFBC}") = "DataAccess", "DataAccess\DataAccess.csproj", "{1D70231B-76B4-4226-B182-684840F60A6F}"
EndProject
Project("{FAE04EC0-301F-11D3-BF4B-00C04F79EFBC}") = "Business", "Business\Business.csproj", "{37CD2900-F788-476A-BB32-6565CB7EBAF4}"
EndProject
Project("{FAE04EC0-301F-11D3-BF4B-00C04F79EFBC}") = "Entities", "Entities\Entities.csproj", "{0C0C8BA1-92C8-42FA-A55E-FFE7B429D342}"
EndProject
Project("{FAE04EC0-301F-11D3-BF4B-00C04F79EFBC}") = "ConsoleUI", "ConsoleUI\ConsoleUI.csproj", "{EA828D64-8667-4FA7-A251-9E4C9A4CF3A0}"
EndProject
Global
	GlobalSection(SolutionConfigurationPlatforms) = preSolution
		Debug|Any CPU = Debug|Any CPU
		Release|Any CPU = Release|Any CPU
	EndGlobalSection
	GlobalSection(ProjectConfigurationPlatforms) = postSolution
		{1D70231B-76B4-4226-B182-684840F60A6F}.Debug|Any CPU.ActiveCfg = Debug|Any CPU
		{1D70231B-76B4-4226-B182-684840F60A6F}.Debug|Any CPU.Build.0 = Debug|Any CPU
		{1D70231B-76B4-4226-B182-684840F60A6F}.Release|Any CPU.ActiveCfg = Release|Any CPU
		{1D70231B-76B4-4226-B182-684840F60A6F}.Release|Any CPU.Build.0 = Release|Any CPU
		{37CD2900-F788-476A-BB32-6565CB7EBAF4}.Debug|Any CPU.ActiveCfg = Debug|Any CPU
		{37CD2900-F788-476A-BB32-6565CB7EBAF4}.Debug|Any CPU.Build.0 = Debug|Any CPU
		{37CD2900-F788-476A-BB32-6565CB7EBAF4}.Release|Any CPU.ActiveCfg = Release|Any CPU
		{37CD2900-F788-476A-BB32-6565CB7EBAF4}.Release|Any CPU.Build.0 = Release|Any CPU
		{0C0C8BA1-92C8-42FA-A55E-FFE7B429D342}.Debug|Any CPU.ActiveCfg = Debug|Any CPU
		{0C0C8BA1-92C8-42FA-A55E-FFE7B429D342}.Debug|Any CPU.Build.0 = Debug|Any CPU
		{0C0C8BA1-92C8-42FA-A55E-FFE7B429D342}.Release|Any CPU.ActiveCfg = Release|Any CPU
		{0C0C8BA1-92C8-42FA-A55E-FFE7B429D342}.Release|Any CPU.Build.0 = Release|Any CPU
		{EA828D64-8667-4FA7-A251-9E4C9A4CF3A0}.Debug|Any CPU.ActiveCfg = Debug|Any CPU
		{EA828D64-8667-4FA7-A251-9E4C9A4CF3A0}.Debug|Any CPU.Build.0 = Debug|Any CPU
		{EA828D64-8667-4FA7-A251-9E4C9A4CF3A0}.Release|Any CPU.ActiveCfg = Release|Any CPU
		{EA828D64-8667-4FA7-A251-9E4C9A4CF3A0}.Release|Any CPU.Build.0 = Release|Any CPU
	EndGlobalSection
	GlobalSection(SolutionProperties) = preSolution
		HideSolutionNode = FALSE
	EndGlobalSection
	GlobalSection(ExtensibilityGlobals) = postSolution
		SolutionGuid = {5ADEB901-E9B0-4AFC-8422-2518719F09D9}
	EndGlobalSection
EndGlobal
